
Microsoft Visual Studio Solution File, Format Version 12.00
# Visual Studio Version 16
VisualStudioVersion = 16.0.31129.286
MinimumVisualStudioVersion = 10.0.40219.1
Project("{FAE04EC0-301F-11D3-BF4B-00C04F79EFBC}") = "Dogo", "Dogo\Dogo.csproj", "{2230C20F-560D-42D8-A929-E7D671A629D2}"
EndProject
Global
	GlobalSection(SolutionConfigurationPlatforms) = preSolution
		Debug|Any CPU = Debug|Any CPU
		Release|Any CPU = Release|Any CPU
	EndGlobalSection
	GlobalSection(ProjectConfigurationPlatforms) = postSolution
		{2230C20F-560D-42D8-A929-E7D671A629D2}.Debug|Any CPU.ActiveCfg = Debug|Any CPU
		{2230C20F-560D-42D8-A929-E7D671A629D2}.Debug|Any CPU.Build.0 = Debug|Any CPU
		{2230C20F-560D-42D8-A929-E7D671A629D2}.Release|Any CPU.ActiveCfg = Release|Any CPU
		{2230C20F-560D-42D8-A929-E7D671A629D2}.Release|Any CPU.Build.0 = Release|Any CPU
	EndGlobalSection
	GlobalSection(SolutionProperties) = preSolution
		HideSolutionNode = FALSE
	EndGlobalSection
	GlobalSection(ExtensibilityGlobals) = postSolution
		SolutionGuid = {834FB1A8-A2E9-4DF0-8CEF-83A404EC04BD}
	EndGlobalSection
EndGlobal
